
Microsoft Visual Studio Solution File, Format Version 12.00
Project("{FAE04EC0-301F-11D3-BF4B-00C04F79EFBC}") = "Couscous.Console", "Couscous.Console\Couscous.Console.csproj", "{58AD4A9A-10FC-47A7-84F1-D191DF470663}"
EndProject
Project("{FAE04EC0-301F-11D3-BF4B-00C04F79EFBC}") = "Couscous.Networking", "Couscous.Networking\Couscous.Networking.csproj", "{B160EFE2-B51C-4FE8-8A02-27447F11E700}"
EndProject
Project("{FAE04EC0-301F-11D3-BF4B-00C04F79EFBC}") = "Couscous.Game", "Couscous.Game\Couscous.Game.csproj", "{1F529A29-2C1B-4636-B11A-ED81A13643D7}"
EndProject
Project("{FAE04EC0-301F-11D3-BF4B-00C04F79EFBC}") = "Couscous.Database", "Couscous.Database\Couscous.Database.csproj", "{E1A8F8BA-89C7-4AD5-B89C-9670E4239E4B}"
EndProject
Global
	GlobalSection(SolutionConfigurationPlatforms) = preSolution
		Debug|Any CPU = Debug|Any CPU
		Release|Any CPU = Release|Any CPU
	EndGlobalSection
	GlobalSection(ProjectConfigurationPlatforms) = postSolution
		{58AD4A9A-10FC-47A7-84F1-D191DF470663}.Debug|Any CPU.ActiveCfg = Debug|Any CPU
		{58AD4A9A-10FC-47A7-84F1-D191DF470663}.Debug|Any CPU.Build.0 = Debug|Any CPU
		{58AD4A9A-10FC-47A7-84F1-D191DF470663}.Release|Any CPU.ActiveCfg = Release|Any CPU
		{58AD4A9A-10FC-47A7-84F1-D191DF470663}.Release|Any CPU.Build.0 = Release|Any CPU
		{B160EFE2-B51C-4FE8-8A02-27447F11E700}.Debug|Any CPU.ActiveCfg = Debug|Any CPU
		{B160EFE2-B51C-4FE8-8A02-27447F11E700}.Debug|Any CPU.Build.0 = Debug|Any CPU
		{B160EFE2-B51C-4FE8-8A02-27447F11E700}.Release|Any CPU.ActiveCfg = Release|Any CPU
		{B160EFE2-B51C-4FE8-8A02-27447F11E700}.Release|Any CPU.Build.0 = Release|Any CPU
		{1F529A29-2C1B-4636-B11A-ED81A13643D7}.Debug|Any CPU.ActiveCfg = Debug|Any CPU
		{1F529A29-2C1B-4636-B11A-ED81A13643D7}.Debug|Any CPU.Build.0 = Debug|Any CPU
		{1F529A29-2C1B-4636-B11A-ED81A13643D7}.Release|Any CPU.ActiveCfg = Release|Any CPU
		{1F529A29-2C1B-4636-B11A-ED81A13643D7}.Release|Any CPU.Build.0 = Release|Any CPU
		{E1A8F8BA-89C7-4AD5-B89C-9670E4239E4B}.Debug|Any CPU.ActiveCfg = Debug|Any CPU
		{E1A8F8BA-89C7-4AD5-B89C-9670E4239E4B}.Debug|Any CPU.Build.0 = Debug|Any CPU
		{E1A8F8BA-89C7-4AD5-B89C-9670E4239E4B}.Release|Any CPU.ActiveCfg = Release|Any CPU
		{E1A8F8BA-89C7-4AD5-B89C-9670E4239E4B}.Release|Any CPU.Build.0 = Release|Any CPU
	EndGlobalSection
EndGlobal
