
Microsoft Visual Studio Solution File, Format Version 12.00
Project("{FAE04EC0-301F-11D3-BF4B-00C04F79EFBC}") = "Couscous.Server", "Couscous.Server\Couscous.Server.csproj", "{58AD4A9A-10FC-47A7-84F1-D191DF470663}"
EndProject
Project("{FAE04EC0-301F-11D3-BF4B-00C04F79EFBC}") = "Couscous.Networking", "Couscous.Networking\Couscous.Networking.csproj", "{B160EFE2-B51C-4FE8-8A02-27447F11E700}"
EndProject
Project("{FAE04EC0-301F-11D3-BF4B-00C04F79EFBC}") = "Couscous.Game", "Couscous.Game\Couscous.Game.csproj", "{1F529A29-2C1B-4636-B11A-ED81A13643D7}"
EndProject
Project("{FAE04EC0-301F-11D3-BF4B-00C04F79EFBC}") = "Couscous.Database", "Couscous.Database\Couscous.Database.csproj", "{E1A8F8BA-89C7-4AD5-B89C-9670E4239E4B}"
EndProject
Project("{FAE04EC0-301F-11D3-BF4B-00C04F79EFBC}") = "Couscous.Logging", "Couscous.Logging\Couscous.Logging.csproj", "{B8008BCE-11BA-428E-ABF5-7A0B88912866}"
EndProject
Project("{FAE04EC0-301F-11D3-BF4B-00C04F79EFBC}") = "Couscous.Config", "Couscous.Config\Couscous.Config.csproj", "{D3C9FFE0-E6FF-40F2-835E-CF2C0FD678E6}"
EndProject
Project("{FAE04EC0-301F-11D3-BF4B-00C04F79EFBC}") = "Couscous.Game.Players", "Couscous.Game.Players\Couscous.Game.Players.csproj", "{32460C55-FA83-41E1-928B-8C619E87148D}"
EndProject
Project("{FAE04EC0-301F-11D3-BF4B-00C04F79EFBC}") = "Couscous", "Couscous\Couscous.csproj", "{FC6268E0-5E70-404B-B642-420FEB7442BE}"
EndProject
Project("{FAE04EC0-301F-11D3-BF4B-00C04F79EFBC}") = "Couscous.Tests", "Couscous.Tests\Couscous.Tests.csproj", "{AB4681A4-C4E6-4E4B-B9CD-9E5ED32EA34B}"
EndProject
Global
	GlobalSection(SolutionConfigurationPlatforms) = preSolution
		Debug|Any CPU = Debug|Any CPU
		Release|Any CPU = Release|Any CPU
	EndGlobalSection
	GlobalSection(ProjectConfigurationPlatforms) = postSolution
		{58AD4A9A-10FC-47A7-84F1-D191DF470663}.Debug|Any CPU.ActiveCfg = Debug|Any CPU
		{58AD4A9A-10FC-47A7-84F1-D191DF470663}.Debug|Any CPU.Build.0 = Debug|Any CPU
		{58AD4A9A-10FC-47A7-84F1-D191DF470663}.Release|Any CPU.ActiveCfg = Release|Any CPU
		{58AD4A9A-10FC-47A7-84F1-D191DF470663}.Release|Any CPU.Build.0 = Release|Any CPU
		{B160EFE2-B51C-4FE8-8A02-27447F11E700}.Debug|Any CPU.ActiveCfg = Debug|Any CPU
		{B160EFE2-B51C-4FE8-8A02-27447F11E700}.Debug|Any CPU.Build.0 = Debug|Any CPU
		{B160EFE2-B51C-4FE8-8A02-27447F11E700}.Release|Any CPU.ActiveCfg = Release|Any CPU
		{B160EFE2-B51C-4FE8-8A02-27447F11E700}.Release|Any CPU.Build.0 = Release|Any CPU
		{1F529A29-2C1B-4636-B11A-ED81A13643D7}.Debug|Any CPU.ActiveCfg = Debug|Any CPU
		{1F529A29-2C1B-4636-B11A-ED81A13643D7}.Debug|Any CPU.Build.0 = Debug|Any CPU
		{1F529A29-2C1B-4636-B11A-ED81A13643D7}.Release|Any CPU.ActiveCfg = Release|Any CPU
		{1F529A29-2C1B-4636-B11A-ED81A13643D7}.Release|Any CPU.Build.0 = Release|Any CPU
		{E1A8F8BA-89C7-4AD5-B89C-9670E4239E4B}.Debug|Any CPU.ActiveCfg = Debug|Any CPU
		{E1A8F8BA-89C7-4AD5-B89C-9670E4239E4B}.Debug|Any CPU.Build.0 = Debug|Any CPU
		{E1A8F8BA-89C7-4AD5-B89C-9670E4239E4B}.Release|Any CPU.ActiveCfg = Release|Any CPU
		{E1A8F8BA-89C7-4AD5-B89C-9670E4239E4B}.Release|Any CPU.Build.0 = Release|Any CPU
		{B8008BCE-11BA-428E-ABF5-7A0B88912866}.Debug|Any CPU.ActiveCfg = Debug|Any CPU
		{B8008BCE-11BA-428E-ABF5-7A0B88912866}.Debug|Any CPU.Build.0 = Debug|Any CPU
		{B8008BCE-11BA-428E-ABF5-7A0B88912866}.Release|Any CPU.ActiveCfg = Release|Any CPU
		{B8008BCE-11BA-428E-ABF5-7A0B88912866}.Release|Any CPU.Build.0 = Release|Any CPU
		{D3C9FFE0-E6FF-40F2-835E-CF2C0FD678E6}.Debug|Any CPU.ActiveCfg = Debug|Any CPU
		{D3C9FFE0-E6FF-40F2-835E-CF2C0FD678E6}.Debug|Any CPU.Build.0 = Debug|Any CPU
		{D3C9FFE0-E6FF-40F2-835E-CF2C0FD678E6}.Release|Any CPU.ActiveCfg = Release|Any CPU
		{D3C9FFE0-E6FF-40F2-835E-CF2C0FD678E6}.Release|Any CPU.Build.0 = Release|Any CPU
		{32460C55-FA83-41E1-928B-8C619E87148D}.Debug|Any CPU.ActiveCfg = Debug|Any CPU
		{32460C55-FA83-41E1-928B-8C619E87148D}.Debug|Any CPU.Build.0 = Debug|Any CPU
		{32460C55-FA83-41E1-928B-8C619E87148D}.Release|Any CPU.ActiveCfg = Release|Any CPU
		{32460C55-FA83-41E1-928B-8C619E87148D}.Release|Any CPU.Build.0 = Release|Any CPU
		{FC6268E0-5E70-404B-B642-420FEB7442BE}.Debug|Any CPU.ActiveCfg = Debug|Any CPU
		{FC6268E0-5E70-404B-B642-420FEB7442BE}.Debug|Any CPU.Build.0 = Debug|Any CPU
		{FC6268E0-5E70-404B-B642-420FEB7442BE}.Release|Any CPU.ActiveCfg = Release|Any CPU
		{FC6268E0-5E70-404B-B642-420FEB7442BE}.Release|Any CPU.Build.0 = Release|Any CPU
		{AB4681A4-C4E6-4E4B-B9CD-9E5ED32EA34B}.Debug|Any CPU.ActiveCfg = Debug|Any CPU
		{AB4681A4-C4E6-4E4B-B9CD-9E5ED32EA34B}.Debug|Any CPU.Build.0 = Debug|Any CPU
		{AB4681A4-C4E6-4E4B-B9CD-9E5ED32EA34B}.Release|Any CPU.ActiveCfg = Release|Any CPU
		{AB4681A4-C4E6-4E4B-B9CD-9E5ED32EA34B}.Release|Any CPU.Build.0 = Release|Any CPU
	EndGlobalSection
EndGlobal
